
Microsoft Visual Studio Solution File, Format Version 12.00
# Visual Studio 15
VisualStudioVersion = 15.0.28307.705
MinimumVisualStudioVersion = 10.0.40219.1
Project("{FAE04EC0-301F-11D3-BF4B-00C04F79EFBC}") = "ConsoleApp1", "ConsoleApp1\ConsoleApp1.csproj", "{7AAACF9C-085F-4E26-A879-0BC43BB9138E}"
EndProject
Project("{FAE04EC0-301F-11D3-BF4B-00C04F79EFBC}") = "WindowsFormsApp1", "WindowsFormsApp1\WindowsFormsApp1.csproj", "{7E3A4D6E-90A6-4862-AAC3-DB3BB78BE9A9}"
EndProject
Global
	GlobalSection(SolutionConfigurationPlatforms) = preSolution
		Debug|Any CPU = Debug|Any CPU
		Release|Any CPU = Release|Any CPU
	EndGlobalSection
	GlobalSection(ProjectConfigurationPlatforms) = postSolution
		{7AAACF9C-085F-4E26-A879-0BC43BB9138E}.Debug|Any CPU.ActiveCfg = Debug|Any CPU
		{7AAACF9C-085F-4E26-A879-0BC43BB9138E}.Debug|Any CPU.Build.0 = Debug|Any CPU
		{7AAACF9C-085F-4E26-A879-0BC43BB9138E}.Release|Any CPU.ActiveCfg = Release|Any CPU
		{7AAACF9C-085F-4E26-A879-0BC43BB9138E}.Release|Any CPU.Build.0 = Release|Any CPU
		{7E3A4D6E-90A6-4862-AAC3-DB3BB78BE9A9}.Debug|Any CPU.ActiveCfg = Debug|Any CPU
		{7E3A4D6E-90A6-4862-AAC3-DB3BB78BE9A9}.Debug|Any CPU.Build.0 = Debug|Any CPU
		{7E3A4D6E-90A6-4862-AAC3-DB3BB78BE9A9}.Release|Any CPU.ActiveCfg = Release|Any CPU
		{7E3A4D6E-90A6-4862-AAC3-DB3BB78BE9A9}.Release|Any CPU.Build.0 = Release|Any CPU
	EndGlobalSection
	GlobalSection(SolutionProperties) = preSolution
		HideSolutionNode = FALSE
	EndGlobalSection
	GlobalSection(ExtensibilityGlobals) = postSolution
		SolutionGuid = {2C1B3C96-D3E9-4CC4-8719-0BE1D9657902}
	EndGlobalSection
EndGlobal
